dependencies:
- name: postgresql
  repository: oci://registry-1.docker.io/bitnamicharts
  version: 14.3.3
- name: redis
  repository: oci://registry-1.docker.io/bitnamicharts
  version: 19.6.4
- name: rabbitmq
  repository: oci://registry-1.docker.io/bitnamicharts
  version: 14.6.5
digest: sha256:f364059e14dfa5c3f936f4d76f863ab87daf770f841066e65049e9aeeb71129b
generated: "2024-07-26T10:48:08.623113+02:00"
