dependencies:
- name: postgresql
  repository: oci://registry-1.docker.io/bitnamicharts
  version: 14.3.3
- name: redis
  repository: oci://registry-1.docker.io/bitnamicharts
  version: 19.6.4
- name: rabbitmq
  repository: oci://registry-1.docker.io/bitnamicharts
  version: 14.6.5
digest: sha256:10ef22e411248718bea6d78729a5785f8bbf59817eb30b16e4941f4fff3178ff
generated: "2024-07-26T12:52:35.691667+02:00"
