dependencies:
- name: safe-transaction-service
  repository: file://../safe-transaction-service
  version: 0.1.0
- name: safe-config-service
  repository: file://../safe-config-service
  version: 0.1.0
- name: safe-client-gateway
  repository: file://../safe-client-gateway
  version: 0.1.0
- name: safe-wallet-web
  repository: file://../safe-wallet-web
  version: 0.1.0
digest: sha256:959560f5a5a45a477db9d271e8b8211642be074e81028c312e09f475a3ffdc56
generated: "2024-07-25T14:45:57.629334+02:00"
